// !$*UTF8*$!
{
	archiveVersion = 1;
	classes = {
	};
	objectVersion = 55;
	objects = {

/* Begin PBXBuildFile section */
		502DC63828B4EE7300945BD5 /* TextViews.swift in Sources */ = {isa = PBXBuildFile; fileRef = 502DC63728B4EE7300945BD5 /* TextViews.swift */; };
		503E59B728883FFE00695359 /* BullseyeApp.swift in Sources */ = {isa = PBXBuildFile; fileRef = 503E59B628883FFE00695359 /* BullseyeApp.swift */; };
		503E59BB2888400300695359 /* Assets.xcassets in Resources */ = {isa = PBXBuildFile; fileRef = 503E59BA2888400300695359 /* Assets.xcassets */; };
		503E59BE2888400300695359 /* Preview Assets.xcassets in Resources */ = {isa = PBXBuildFile; fileRef = 503E59BD2888400300695359 /* Preview Assets.xcassets */; };
		503E59C82888400300695359 /* BullseyeTests.swift in Sources */ = {isa = PBXBuildFile; fileRef = 503E59C72888400300695359 /* BullseyeTests.swift */; };
		503E59D22888400300695359 /* BullseyeUITests.swift in Sources */ = {isa = PBXBuildFile; fileRef = 503E59D12888400300695359 /* BullseyeUITests.swift */; };
		503E59D42888400300695359 /* BullseyeUITestsLaunchTests.swift in Sources */ = {isa = PBXBuildFile; fileRef = 503E59D32888400300695359 /* BullseyeUITestsLaunchTests.swift */; };
		5045512828884EAF00EF0E7F /* ContentView.swift in Sources */ = {isa = PBXBuildFile; fileRef = 503E59B828883FFE00695359 /* ContentView.swift */; };
		507CDBB82890533D00E01F9F /* Game.swift in Sources */ = {isa = PBXBuildFile; fileRef = 507CDBB72890533D00E01F9F /* Game.swift */; };
/* End PBXBuildFile section */

/* Begin PBXContainerItemProxy section */
		503E59C42888400300695359 /* PBXContainerItemProxy */ = {
			isa = PBXContainerItemProxy;
			containerPortal = 503E59AB28883FFE00695359 /* Project object */;
			proxyType = 1;
			remoteGlobalIDString = 503E59B228883FFE00695359;
			remoteInfo = Bullseye;
		};
		503E59CE2888400300695359 /* PBXContainerItemProxy */ = {
			isa = PBXContainerItemProxy;
			containerPortal = 503E59AB28883FFE00695359 /* Project object */;
			proxyType = 1;
			remoteGlobalIDString = 503E59B228883FFE00695359;
			remoteInfo = Bullseye;
		};
/* End PBXContainerItemProxy section */

/* Begin PBXFileReference section */
		502DC63728B4EE7300945BD5 /* TextViews.swift */ = {isa = PBXFileReference; lastKnownFileType = sourcecode.swift; path = TextViews.swift; sourceTree = "<group>"; };
		503E59B328883FFE00695359 /* Bullseye.app */ = {isa = PBXFileReference; explicitFileType = wrapper.application; includeInIndex = 0; path = Bullseye.app; sourceTree = BUILT_PRODUCTS_DIR; };
		503E59B628883FFE00695359 /* BullseyeApp.swift */ = {isa = PBXFileReference; lastKnownFileType = sourcecode.swift; path = BullseyeApp.swift; sourceTree = "<group>"; };
		503E59B828883FFE00695359 /* ContentView.swift */ = {isa = PBXFileReference; lastKnownFileType = sourcecode.swift; path = ContentView.swift; sourceTree = "<group>"; tabWidth = 4; };
		503E59BA2888400300695359 /* Assets.xcassets */ = {isa = PBXFileReference; lastKnownFileType = folder.assetcatalog; path = Assets.xcassets; sourceTree = "<group>"; };
		503E59BD2888400300695359 /* Preview Assets.xcassets */ = {isa = PBXFileReference; lastKnownFileType = folder.assetcatalog; path = "Preview Assets.xcassets"; sourceTree = "<group>"; };
		503E59C32888400300695359 /* BullseyeTests.xctest */ = {isa = PBXFileReference; explicitFileType = wrapper.cfbundle; includeInIndex = 0; path = BullseyeTests.xctest; sourceTree = BUILT_PRODUCTS_DIR; };
		503E59C72888400300695359 /* BullseyeTests.swift */ = {isa = PBXFileReference; lastKnownFileType = sourcecode.swift; path = BullseyeTests.swift; sourceTree = "<group>"; };
		503E59CD2888400300695359 /* BullseyeUITests.xctest */ = {isa = PBXFileReference; explicitFileType = wrapper.cfbundle; includeInIndex = 0; path = BullseyeUITests.xctest; sourceTree = BUILT_PRODUCTS_DIR; };
		503E59D12888400300695359 /* BullseyeUITests.swift */ = {isa = PBXFileReference; lastKnownFileType = sourcecode.swift; path = BullseyeUITests.swift; sourceTree = "<group>"; };
		503E59D32888400300695359 /* BullseyeUITestsLaunchTests.swift */ = {isa = PBXFileReference; lastKnownFileType = sourcecode.swift; path = BullseyeUITestsLaunchTests.swift; sourceTree = "<group>"; };
		507CDBB72890533D00E01F9F /* Game.swift */ = {isa = PBXFileReference; lastKnownFileType = sourcecode.swift; path = Game.swift; sourceTree = "<group>"; };
/* End PBXFileReference section */

/* Begin PBXFrameworksBuildPhase section */
		503E59B028883FFE00695359 /* Frameworks */ = {
			isa = PBXFrameworksBuildPhase;
			buildActionMask = 2147483647;
			files = (
			);
			runOnlyForDeploymentPostprocessing = 0;
		};
		503E59C02888400300695359 /* Frameworks */ = {
			isa = PBXFrameworksBuildPhase;
			buildActionMask = 2147483647;
			files = (
			);
			runOnlyForDeploymentPostprocessing = 0;
		};
		503E59CA2888400300695359 /* Frameworks */ = {
			isa = PBXFrameworksBuildPhase;
			buildActionMask = 2147483647;
			files = (
			);
			runOnlyForDeploymentPostprocessing = 0;
		};
/* End PBXFrameworksBuildPhase section */

/* Begin PBXGroup section */
		503E59AA28883FFE00695359 = {
			isa = PBXGroup;
			children = (
				503E59B528883FFE00695359 /* Bullseye */,
				503E59C62888400300695359 /* BullseyeTests */,
				503E59D02888400300695359 /* BullseyeUITests */,
				503E59B428883FFE00695359 /* Products */,
			);
			sourceTree = "<group>";
		};
		503E59B428883FFE00695359 /* Products */ = {
			isa = PBXGroup;
			children = (
				503E59B328883FFE00695359 /* Bullseye.app */,
				503E59C32888400300695359 /* BullseyeTests.xctest */,
				503E59CD2888400300695359 /* BullseyeUITests.xctest */,
			);
			name = Products;
			sourceTree = "<group>";
		};
		503E59B528883FFE00695359 /* Bullseye */ = {
			isa = PBXGroup;
			children = (
				507CDBB628904FD700E01F9F /* Views */,
				507CDBB528904FCD00E01F9F /* Models */,
				507CDBB428904FC000E01F9F /* App */,
				503E59BA2888400300695359 /* Assets.xcassets */,
				503E59BC2888400300695359 /* Preview Content */,
			);
			path = Bullseye;
			sourceTree = "<group>";
		};
		503E59BC2888400300695359 /* Preview Content */ = {
			isa = PBXGroup;
			children = (
				503E59BD2888400300695359 /* Preview Assets.xcassets */,
			);
			path = "Preview Content";
			sourceTree = "<group>";
		};
		503E59C62888400300695359 /* BullseyeTests */ = {
			isa = PBXGroup;
			children = (
				503E59C72888400300695359 /* BullseyeTests.swift */,
			);
			path = BullseyeTests;
			sourceTree = "<group>";
		};
		503E59D02888400300695359 /* BullseyeUITests */ = {
			isa = PBXGroup;
			children = (
				503E59D12888400300695359 /* BullseyeUITests.swift */,
				503E59D32888400300695359 /* BullseyeUITestsLaunchTests.swift */,
			);
			path = BullseyeUITests;
			sourceTree = "<group>";
		};
		507CDBB428904FC000E01F9F /* App */ = {
			isa = PBXGroup;
			children = (
				503E59B628883FFE00695359 /* BullseyeApp.swift */,
			);
			path = App;
			sourceTree = "<group>";
		};
		507CDBB528904FCD00E01F9F /* Models */ = {
			isa = PBXGroup;
			children = (
				507CDBB72890533D00E01F9F /* Game.swift */,
			);
			path = Models;
			sourceTree = "<group>";
		};
		507CDBB628904FD700E01F9F /* Views */ = {
			isa = PBXGroup;
			children = (
				503E59B828883FFE00695359 /* ContentView.swift */,
				502DC63728B4EE7300945BD5 /* TextViews.swift */,
			);
			path = Views;
			sourceTree = "<group>";
		};
/* End PBXGroup section */

/* Begin PBXNativeTarget section */
		503E59B228883FFE00695359 /* Bullseye */ = {
			isa = PBXNativeTarget;
			buildConfigurationList = 503E59D72888400300695359 /* Build configuration list for PBXNativeTarget "Bullseye" */;
			buildPhases = (
				503E59AF28883FFE00695359 /* Sources */,
				503E59B028883FFE00695359 /* Frameworks */,
				503E59B128883FFE00695359 /* Resources */,
			);
			buildRules = (
			);
			dependencies = (
			);
			name = Bullseye;
			productName = Bullseye;
			productReference = 503E59B328883FFE00695359 /* Bullseye.app */;
			productType = "com.apple.product-type.application";
		};
		503E59C22888400300695359 /* BullseyeTests */ = {
			isa = PBXNativeTarget;
			buildConfigurationList = 503E59DA2888400300695359 /* Build configuration list for PBXNativeTarget "BullseyeTests" */;
			buildPhases = (
				503E59BF2888400300695359 /* Sources */,
				503E59C02888400300695359 /* Frameworks */,
				503E59C12888400300695359 /* Resources */,
			);
			buildRules = (
			);
			dependencies = (
				503E59C52888400300695359 /* PBXTargetDependency */,
			);
			name = BullseyeTests;
			productName = BullseyeTests;
			productReference = 503E59C32888400300695359 /* BullseyeTests.xctest */;
			productType = "com.apple.product-type.bundle.unit-test";
		};
		503E59CC2888400300695359 /* BullseyeUITests */ = {
			isa = PBXNativeTarget;
			buildConfigurationList = 503E59DD2888400300695359 /* Build configuration list for PBXNativeTarget "BullseyeUITests" */;
			buildPhases = (
				503E59C92888400300695359 /* Sources */,
				503E59CA2888400300695359 /* Frameworks */,
				503E59CB2888400300695359 /* Resources */,
			);
			buildRules = (
			);
			dependencies = (
				503E59CF2888400300695359 /* PBXTargetDependency */,
			);
			name = BullseyeUITests;
			productName = BullseyeUITests;
			productReference = 503E59CD2888400300695359 /* BullseyeUITests.xctest */;
			productType = "com.apple.product-type.bundle.ui-testing";
		};
/* End PBXNativeTarget section */

/* Begin PBXProject section */
		503E59AB28883FFE00695359 /* Project object */ = {
			isa = PBXProject;
			attributes = {
				BuildIndependentTargetsInParallel = 1;
				LastSwiftUpdateCheck = 1340;
				LastUpgradeCheck = 1340;
				TargetAttributes = {
					503E59B228883FFE00695359 = {
						CreatedOnToolsVersion = 13.4;
					};
					503E59C22888400300695359 = {
						CreatedOnToolsVersion = 13.4;
						TestTargetID = 503E59B228883FFE00695359;
					};
					503E59CC2888400300695359 = {
						CreatedOnToolsVersion = 13.4;
						TestTargetID = 503E59B228883FFE00695359;
					};
				};
			};
			buildConfigurationList = 503E59AE28883FFE00695359 /* Build configuration list for PBXProject "Bullseye" */;
			compatibilityVersion = "Xcode 13.0";
			developmentRegion = en;
			hasScannedForEncodings = 0;
			knownRegions = (
				en,
				Base,
			);
			mainGroup = 503E59AA28883FFE00695359;
			productRefGroup = 503E59B428883FFE00695359 /* Products */;
			projectDirPath = "";
			projectRoot = "";
			targets = (
				503E59B228883FFE00695359 /* Bullseye */,
				503E59C22888400300695359 /* BullseyeTests */,
				503E59CC2888400300695359 /* BullseyeUITests */,
			);
		};
/* End PBXProject section */

/* Begin PBXResourcesBuildPhase section */
		503E59B128883FFE00695359 /* Resources */ = {
			isa = PBXResourcesBuildPhase;
			buildActionMask = 2147483647;
			files = (
				503E59BE2888400300695359 /* Preview Assets.xcassets in Resources */,
				503E59BB2888400300695359 /* Assets.xcassets in Resources */,
			);
			runOnlyForDeploymentPostprocessing = 0;
		};
		503E59C12888400300695359 /* Resources */ = {
			isa = PBXResourcesBuildPhase;
			buildActionMask = 2147483647;
			files = (
			);
			runOnlyForDeploymentPostprocessing = 0;
		};
		503E59CB2888400300695359 /* Resources */ = {
			isa = PBXResourcesBuildPhase;
			buildActionMask = 2147483647;
			files = (
			);
			runOnlyForDeploymentPostprocessing = 0;
		};
/* End PBXResourcesBuildPhase section */

/* Begin PBXSourcesBuildPhase section */
		503E59AF28883FFE00695359 /* Sources */ = {
			isa = PBXSourcesBuildPhase;
			buildActionMask = 2147483647;
			files = (
				5045512828884EAF00EF0E7F /* ContentView.swift in Sources */,
				502DC63828B4EE7300945BD5 /* TextViews.swift in Sources */,
				507CDBB82890533D00E01F9F /* Game.swift in Sources */,
				503E59B728883FFE00695359 /* BullseyeApp.swift in Sources */,
			);
			runOnlyForDeploymentPostprocessing = 0;
		};
		503E59BF2888400300695359 /* Sources */ = {
			isa = PBXSourcesBuildPhase;
			buildActionMask = 2147483647;
			files = (
				503E59C82888400300695359 /* BullseyeTests.swift in Sources */,
			);
			runOnlyForDeploymentPostprocessing = 0;
		};
		503E59C92888400300695359 /* Sources */ = {
			isa = PBXSourcesBuildPhase;
			buildActionMask = 2147483647;
			files = (
				503E59D42888400300695359 /* BullseyeUITestsLaunchTests.swift in Sources */,
				503E59D22888400300695359 /* BullseyeUITests.swift in Sources */,
			);
			runOnlyForDeploymentPostprocessing = 0;
		};
/* End PBXSourcesBuildPhase section */

/* Begin PBXTargetDependency section */
		503E59C52888400300695359 /* PBXTargetDependency */ = {
			isa = PBXTargetDependency;
			target = 503E59B228883FFE00695359 /* Bullseye */;
			targetProxy = 503E59C42888400300695359 /* PBXContainerItemProxy */;
		};
		503E59CF2888400300695359 /* PBXTargetDependency */ = {
			isa = PBXTargetDependency;
			target = 503E59B228883FFE00695359 /* Bullseye */;
			targetProxy = 503E59CE2888400300695359 /* PBXContainerItemProxy */;
		};
/* End PBXTargetDependency section */

/* Begin XCBuildConfiguration section */
		503E59D52888400300695359 /* Debug */ = {
			isa = XCBuildConfiguration;
			buildSettings = {
				ALWAYS_SEARCH_USER_PATHS = NO;
				CLANG_ANALYZER_NONNULL = YES;
				CLANG_ANALYZER_NUMBER_OBJECT_CONVERSION = YES_AGGRESSIVE;
				CLANG_CXX_LANGUAGE_STANDARD = "gnu++17";
				CLANG_ENABLE_MODULES = YES;
				CLANG_ENABLE_OBJC_ARC = YES;
				CLANG_ENABLE_OBJC_WEAK = YES;
				CLANG_WARN_BLOCK_CAPTURE_AUTORELEASING = YES;
				CLANG_WARN_BOOL_CONVERSION = YES;
				CLANG_WARN_COMMA = YES;
				CLANG_WARN_CONSTANT_CONVERSION = YES;
				CLANG_WARN_DEPRECATED_OBJC_IMPLEMENTATIONS = YES;
				CLANG_WARN_DIRECT_OBJC_ISA_USAGE = YES_ERROR;
				CLANG_WARN_DOCUMENTATION_COMMENTS = YES;
				CLANG_WARN_EMPTY_BODY = YES;
				CLANG_WARN_ENUM_CONVERSION = YES;
				CLANG_WARN_INFINITE_RECURSION = YES;
				CLANG_WARN_INT_CONVERSION = YES;
				CLANG_WARN_NON_LITERAL_NULL_CONVERSION = YES;
				CLANG_WARN_OBJC_IMPLICIT_RETAIN_SELF = YES;
				CLANG_WARN_OBJC_LITERAL_CONVERSION = YES;
				CLANG_WARN_OBJC_ROOT_CLASS = YES_ERROR;
				CLANG_WARN_QUOTED_INCLUDE_IN_FRAMEWORK_HEADER = YES;
				CLANG_WARN_RANGE_LOOP_ANALYSIS = YES;
				CLANG_WARN_STRICT_PROTOTYPES = YES;
				CLANG_WARN_SUSPICIOUS_MOVE = YES;
				CLANG_WARN_UNGUARDED_AVAILABILITY = YES_AGGRESSIVE;
				CLANG_WARN_UNREACHABLE_CODE = YES;
				CLANG_WARN__DUPLICATE_METHOD_MATCH = YES;
				COPY_PHASE_STRIP = NO;
				DEBUG_INFORMATION_FORMAT = dwarf;
				ENABLE_STRICT_OBJC_MSGSEND = YES;
				ENABLE_TESTABILITY = YES;
				GCC_C_LANGUAGE_STANDARD = gnu11;
				GCC_DYNAMIC_NO_PIC = NO;
				GCC_NO_COMMON_BLOCKS = YES;
				GCC_OPTIMIZATION_LEVEL = 0;
				GCC_PREPROCESSOR_DEFINITIONS = (
					"DEBUG=1",
					"$(inherited)",
				);
				GCC_WARN_64_TO_32_BIT_CONVERSION = YES;
				GCC_WARN_ABOUT_RETURN_TYPE = YES_ERROR;
				GCC_WARN_UNDECLARED_SELECTOR = YES;
				GCC_WARN_UNINITIALIZED_AUTOS = YES_AGGRESSIVE;
				GCC_WARN_UNUSED_FUNCTION = YES;
				GCC_WARN_UNUSED_VARIABLE = YES;
				IPHONEOS_DEPLOYMENT_TARGET = 15.5;
				MTL_ENABLE_DEBUG_INFO = INCLUDE_SOURCE;
				MTL_FAST_MATH = YES;
				ONLY_ACTIVE_ARCH = YES;
				SDKROOT = iphoneos;
				SWIFT_ACTIVE_COMPILATION_CONDITIONS = DEBUG;
				SWIFT_OPTIMIZATION_LEVEL = "-Onone";
			};
			name = Debug;
		};
		503E59D62888400300695359 /* Release */ = {
			isa = XCBuildConfiguration;
			buildSettings = {
				ALWAYS_SEARCH_USER_PATHS = NO;
				CLANG_ANALYZER_NONNULL = YES;
				CLANG_ANALYZER_NUMBER_OBJECT_CONVERSION = YES_AGGRESSIVE;
				CLANG_CXX_LANGUAGE_STANDARD = "gnu++17";
				CLANG_ENABLE_MODULES = YES;
				CLANG_ENABLE_OBJC_ARC = YES;
				CLANG_ENABLE_OBJC_WEAK = YES;
				CLANG_WARN_BLOCK_CAPTURE_AUTORELEASING = YES;
				CLANG_WARN_BOOL_CONVERSION = YES;
				CLANG_WARN_COMMA = YES;
				CLANG_WARN_CONSTANT_CONVERSION = YES;
				CLANG_WARN_DEPRECATED_OBJC_IMPLEMENTATIONS = YES;
				CLANG_WARN_DIRECT_OBJC_ISA_USAGE = YES_ERROR;
				CLANG_WARN_DOCUMENTATION_COMMENTS = YES;
				CLANG_WARN_EMPTY_BODY = YES;
				CLANG_WARN_ENUM_CONVERSION = YES;
				CLANG_WARN_INFINITE_RECURSION = YES;
				CLANG_WARN_INT_CONVERSION = YES;
				CLANG_WARN_NON_LITERAL_NULL_CONVERSION = YES;
				CLANG_WARN_OBJC_IMPLICIT_RETAIN_SELF = YES;
				CLANG_WARN_OBJC_LITERAL_CONVERSION = YES;
				CLANG_WARN_OBJC_ROOT_CLASS = YES_ERROR;
				CLANG_WARN_QUOTED_INCLUDE_IN_FRAMEWORK_HEADER = YES;
				CLANG_WARN_RANGE_LOOP_ANALYSIS = YES;
				CLANG_WARN_STRICT_PROTOTYPES = YES;
				CLANG_WARN_SUSPICIOUS_MOVE = YES;
				CLANG_WARN_UNGUARDED_AVAILABILITY = YES_AGGRESSIVE;
				CLANG_WARN_UNREACHABLE_CODE = YES;
				CLANG_WARN__DUPLICATE_METHOD_MATCH = YES;
				COPY_PHASE_STRIP = NO;
				DEBUG_INFORMATION_FORMAT = "dwarf-with-dsym";
				ENABLE_NS_ASSERTIONS = NO;
				ENABLE_STRICT_OBJC_MSGSEND = YES;
				GCC_C_LANGUAGE_STANDARD = gnu11;
				GCC_NO_COMMON_BLOCKS = YES;
				GCC_WARN_64_TO_32_BIT_CONVERSION = YES;
				GCC_WARN_ABOUT_RETURN_TYPE = YES_ERROR;
				GCC_WARN_UNDECLARED_SELECTOR = YES;
				GCC_WARN_UNINITIALIZED_AUTOS = YES_AGGRESSIVE;
				GCC_WARN_UNUSED_FUNCTION = YES;
				GCC_WARN_UNUSED_VARIABLE = YES;
				IPHONEOS_DEPLOYMENT_TARGET = 15.5;
				MTL_ENABLE_DEBUG_INFO = NO;
				MTL_FAST_MATH = YES;
				SDKROOT = iphoneos;
				SWIFT_COMPILATION_MODE = wholemodule;
				SWIFT_OPTIMIZATION_LEVEL = "-O";
				VALIDATE_PRODUCT = YES;
			};
			name = Release;
		};
		503E59D82888400300695359 /* Debug */ = {
			isa = XCBuildConfiguration;
			buildSettings = {
				ASSETCATALOG_COMPILER_APPICON_NAME = AppIcon;
				ASSETCATALOG_COMPILER_GLOBAL_ACCENT_COLOR_NAME = AccentColor;
				CODE_SIGN_STYLE = Automatic;
				CURRENT_PROJECT_VERSION = 1;
				DEVELOPMENT_ASSET_PATHS = "\"Bullseye/Preview Content\"";
				DEVELOPMENT_TEAM = SVPV9W878N;
				ENABLE_PREVIEWS = YES;
				GENERATE_INFOPLIST_FILE = YES;
				INFOPLIST_KEY_UIApplicationSceneManifest_Generation = YES;
				INFOPLIST_KEY_UIApplicationSupportsIndirectInputEvents = YES;
				INFOPLIST_KEY_UILaunchScreen_Generation = YES;
				INFOPLIST_KEY_UISupportedInterfaceOrientations_iPad = "UIInterfaceOrientationPortrait UIInterfaceOrientationPortraitUpsideDown UIInterfaceOrientationLandscapeLeft UIInterfaceOrientationLandscapeRight";
				INFOPLIST_KEY_UISupportedInterfaceOrientations_iPhone = "UIInterfaceOrientationPortrait UIInterfaceOrientationLandscapeLeft UIInterfaceOrientationLandscapeRight";
				LD_RUNPATH_SEARCH_PATHS = (
					"$(inherited)",
					"@executable_path/Frameworks",
				);
				MARKETING_VERSION = 1.0;
				PRODUCT_BUNDLE_IDENTIFIER = com.mohamed.Bullseye;
				PRODUCT_NAME = "$(TARGET_NAME)";
				SWIFT_EMIT_LOC_STRINGS = YES;
				SWIFT_VERSION = 5.0;
				TARGETED_DEVICE_FAMILY = "1,2";
			};
			name = Debug;
		};
		503E59D92888400300695359 /* Release */ = {
			isa = XCBuildConfiguration;
			buildSettings = {
				ASSETCATALOG_COMPILER_APPICON_NAME = AppIcon;
				ASSETCATALOG_COMPILER_GLOBAL_ACCENT_COLOR_NAME = AccentColor;
				CODE_SIGN_STYLE = Automatic;
				CURRENT_PROJECT_VERSION = 1;
				DEVELOPMENT_ASSET_PATHS = "\"Bullseye/Preview Content\"";
				DEVELOPMENT_TEAM = SVPV9W878N;
				ENABLE_PREVIEWS = YES;
				GENERATE_INFOPLIST_FILE = YES;
				INFOPLIST_KEY_UIApplicationSceneManifest_Generation = YES;
				INFOPLIST_KEY_UIApplicationSupportsIndirectInputEvents = YES;
				INFOPLIST_KEY_UILaunchScreen_Generation = YES;
				INFOPLIST_KEY_UISupportedInterfaceOrientations_iPad = "UIInterfaceOrientationPortrait UIInterfaceOrientationPortraitUpsideDown UIInterfaceOrientationLandscapeLeft UIInterfaceOrientationLandscapeRight";
				INFOPLIST_KEY_UISupportedInterfaceOrientations_iPhone = "UIInterfaceOrientationPortrait UIInterfaceOrientationLandscapeLeft UIInterfaceOrientationLandscapeRight";
				LD_RUNPATH_SEARCH_PATHS = (
					"$(inherited)",
					"@executable_path/Frameworks",
				);
				MARKETING_VERSION = 1.0;
				PRODUCT_BUNDLE_IDENTIFIER = com.mohamed.Bullseye;
				PRODUCT_NAME = "$(TARGET_NAME)";
				SWIFT_EMIT_LOC_STRINGS = YES;
				SWIFT_VERSION = 5.0;
				TARGETED_DEVICE_FAMILY = "1,2";
			};
			name = Release;
		};
		503E59DB2888400300695359 /* Debug */ = {
			isa = XCBuildConfiguration;
			buildSettings = {
				ALWAYS_EMBED_SWIFT_STANDARD_LIBRARIES = YES;
				BUNDLE_LOADER = "$(TEST_HOST)";
				CODE_SIGN_STYLE = Automatic;
				CURRENT_PROJECT_VERSION = 1;
				DEVELOPMENT_TEAM = SVPV9W878N;
				GENERATE_INFOPLIST_FILE = YES;
				IPHONEOS_DEPLOYMENT_TARGET = 15.5;
				MARKETING_VERSION = 1.0;
				PRODUCT_BUNDLE_IDENTIFIER = com.mohamed.BullseyeTests;
				PRODUCT_NAME = "$(TARGET_NAME)";
				SWIFT_EMIT_LOC_STRINGS = NO;
				SWIFT_VERSION = 5.0;
				TARGETED_DEVICE_FAMILY = "1,2";
				TEST_HOST = "$(BUILT_PRODUCTS_DIR)/Bullseye.app/Bullseye";
			};
			name = Debug;
		};
		503E59DC2888400300695359 /* Release */ = {
			isa = XCBuildConfiguration;
			buildSettings = {
				ALWAYS_EMBED_SWIFT_STANDARD_LIBRARIES = YES;
				BUNDLE_LOADER = "$(TEST_HOST)";
				CODE_SIGN_STYLE = Automatic;
				CURRENT_PROJECT_VERSION = 1;
				DEVELOPMENT_TEAM = SVPV9W878N;
				GENERATE_INFOPLIST_FILE = YES;
				IPHONEOS_DEPLOYMENT_TARGET = 15.5;
				MARKETING_VERSION = 1.0;
				PRODUCT_BUNDLE_IDENTIFIER = com.mohamed.BullseyeTests;
				PRODUCT_NAME = "$(TARGET_NAME)";
				SWIFT_EMIT_LOC_STRINGS = NO;
				SWIFT_VERSION = 5.0;
				TARGETED_DEVICE_FAMILY = "1,2";
				TEST_HOST = "$(BUILT_PRODUCTS_DIR)/Bullseye.app/Bullseye";
			};
			name = Release;
		};
		503E59DE2888400300695359 /* Debug */ = {
			isa = XCBuildConfiguration;
			buildSettings = {
				ALWAYS_EMBED_SWIFT_STANDARD_LIBRARIES = YES;
				CODE_SIGN_STYLE = Automatic;
				CURRENT_PROJECT_VERSION = 1;
				DEVELOPMENT_TEAM = SVPV9W878N;
				GENERATE_INFOPLIST_FILE = YES;
				MARKETING_VERSION = 1.0;
				PRODUCT_BUNDLE_IDENTIFIER = com.mohamed.BullseyeUITests;
				PRODUCT_NAME = "$(TARGET_NAME)";
				SWIFT_EMIT_LOC_STRINGS = NO;
				SWIFT_VERSION = 5.0;
				TARGETED_DEVICE_FAMILY = "1,2";
				TEST_TARGET_NAME = Bullseye;
			};
			name = Debug;
		};
		503E59DF2888400300695359 /* Release */ = {
			isa = XCBuildConfiguration;
			buildSettings = {
				ALWAYS_EMBED_SWIFT_STANDARD_LIBRARIES = YES;
				CODE_SIGN_STYLE = Automatic;
				CURRENT_PROJECT_VERSION = 1;
				DEVELOPMENT_TEAM = SVPV9W878N;
				GENERATE_INFOPLIST_FILE = YES;
				MARKETING_VERSION = 1.0;
				PRODUCT_BUNDLE_IDENTIFIER = com.mohamed.BullseyeUITests;
				PRODUCT_NAME = "$(TARGET_NAME)";
				SWIFT_EMIT_LOC_STRINGS = NO;
				SWIFT_VERSION = 5.0;
				TARGETED_DEVICE_FAMILY = "1,2";
				TEST_TARGET_NAME = Bullseye;
			};
			name = Release;
		};
/* End XCBuildConfiguration section */

/* Begin XCConfigurationList section */
		503E59AE28883FFE00695359 /* Build configuration list for PBXProject "Bullseye" */ = {
			isa = XCConfigurationList;
			buildConfigurations = (
				503E59D52888400300695359 /* Debug */,
				503E59D62888400300695359 /* Release */,
			);
			defaultConfigurationIsVisible = 0;
			defaultConfigurationName = Release;
		};
		503E59D72888400300695359 /* Build configuration list for PBXNativeTarget "Bullseye" */ = {
			isa = XCConfigurationList;
			buildConfigurations = (
				503E59D82888400300695359 /* Debug */,
				503E59D92888400300695359 /* Release */,
			);
			defaultConfigurationIsVisible = 0;
			defaultConfigurationName = Release;
		};
		503E59DA2888400300695359 /* Build configuration list for PBXNativeTarget "BullseyeTests" */ = {
			isa = XCConfigurationList;
			buildConfigurations = (
				503E59DB2888400300695359 /* Debug */,
				503E59DC2888400300695359 /* Release */,
			);
			defaultConfigurationIsVisible = 0;
			defaultConfigurationName = Release;
		};
		503E59DD2888400300695359 /* Build configuration list for PBXNativeTarget "BullseyeUITests" */ = {
			isa = XCConfigurationList;
			buildConfigurations = (
				503E59DE2888400300695359 /* Debug */,
				503E59DF2888400300695359 /* Release */,
			);
			defaultConfigurationIsVisible = 0;
			defaultConfigurationName = Release;
		};
/* End XCConfigurationList section */
	};
	rootObject = 503E59AB28883FFE00695359 /* Project object */;
}
